
Microsoft Visual Studio Solution File, Format Version 12.00
# Visual Studio Version 16
VisualStudioVersion = 16.0.30709.132
MinimumVisualStudioVersion = 10.0.40219.1
Project("{FAE04EC0-301F-11D3-BF4B-00C04F79EFBC}") = "GC_PlanMyMeal", "GC_PlanMyMeal.csproj", "{C0DA41A1-EF68-4C3C-A78C-8CBABD20722D}"
EndProject
Global
	GlobalSection(SolutionConfigurationPlatforms) = preSolution
		Debug|Any CPU = Debug|Any CPU
		Release|Any CPU = Release|Any CPU
	EndGlobalSection
	GlobalSection(ProjectConfigurationPlatforms) = postSolution
		{C0DA41A1-EF68-4C3C-A78C-8CBABD20722D}.Debug|Any CPU.ActiveCfg = Debug|Any CPU
		{C0DA41A1-EF68-4C3C-A78C-8CBABD20722D}.Debug|Any CPU.Build.0 = Debug|Any CPU
		{C0DA41A1-EF68-4C3C-A78C-8CBABD20722D}.Release|Any CPU.ActiveCfg = Release|Any CPU
		{C0DA41A1-EF68-4C3C-A78C-8CBABD20722D}.Release|Any CPU.Build.0 = Release|Any CPU
	EndGlobalSection
	GlobalSection(SolutionProperties) = preSolution
		HideSolutionNode = FALSE
	EndGlobalSection
	GlobalSection(ExtensibilityGlobals) = postSolution
		SolutionGuid = {EAB08569-8DDE-4C29-9537-4A9BBA6EBCFC}
	EndGlobalSection
EndGlobal
